
Microsoft Visual Studio Solution File, Format Version 12.00
# Visual Studio Version 17
VisualStudioVersion = 17.7.34024.191
MinimumVisualStudioVersion = 10.0.40219.1
Project("{FAE04EC0-301F-11D3-BF4B-00C04F79EFBC}") = "MagicVila_VilaAPI", "MagicVila_VilaAPI\MagicVila_VilaAPI.csproj", "{01B8DF74-73BF-432F-9C0B-4C081B29D1F6}"
EndProject
Global
	GlobalSection(SolutionConfigurationPlatforms) = preSolution
		Debug|Any CPU = Debug|Any CPU
		Release|Any CPU = Release|Any CPU
	EndGlobalSection
	GlobalSection(ProjectConfigurationPlatforms) = postSolution
		{01B8DF74-73BF-432F-9C0B-4C081B29D1F6}.Debug|Any CPU.ActiveCfg = Debug|Any CPU
		{01B8DF74-73BF-432F-9C0B-4C081B29D1F6}.Debug|Any CPU.Build.0 = Debug|Any CPU
		{01B8DF74-73BF-432F-9C0B-4C081B29D1F6}.Release|Any CPU.ActiveCfg = Release|Any CPU
		{01B8DF74-73BF-432F-9C0B-4C081B29D1F6}.Release|Any CPU.Build.0 = Release|Any CPU
	EndGlobalSection
	GlobalSection(SolutionProperties) = preSolution
		HideSolutionNode = FALSE
	EndGlobalSection
	GlobalSection(ExtensibilityGlobals) = postSolution
		SolutionGuid = {53AD71C8-E2FA-4D4D-B222-9074F15ED849}
	EndGlobalSection
EndGlobal
